// !$*UTF8*$!
{
	archiveVersion = 1;
	classes = {
	};
	objectVersion = 46;
	objects = {

/* Begin PBXBuildFile section */
		4E96CC2B1D87A739009D5D76 /* AppDelegate.swift in Sources */ = {isa = PBXBuildFile; fileRef = 4E96CC2A1D87A739009D5D76 /* AppDelegate.swift */; };
		4E96CC2D1D87A739009D5D76 /* ViewController.swift in Sources */ = {isa = PBXBuildFile; fileRef = 4E96CC2C1D87A739009D5D76 /* ViewController.swift */; };
		4E96CC301D87A739009D5D76 /* Main.storyboard in Resources */ = {isa = PBXBuildFile; fileRef = 4E96CC2E1D87A739009D5D76 /* Main.storyboard */; };
		4E96CC321D87A739009D5D76 /* Assets.xcassets in Resources */ = {isa = PBXBuildFile; fileRef = 4E96CC311D87A739009D5D76 /* Assets.xcassets */; };
		4E96CC351D87A739009D5D76 /* LaunchScreen.storyboard in Resources */ = {isa = PBXBuildFile; fileRef = 4E96CC331D87A739009D5D76 /* LaunchScreen.storyboard */; };
/* End PBXBuildFile section */

/* Begin PBXFileReference section */
		4E96CC271D87A739009D5D76 /* Australia Construction Products.app */ = {isa = PBXFileReference; explicitFileType = wrapper.application; includeInIndex = 0; path = "Australia Construction Products.app"; sourceTree = BUILT_PRODUCTS_DIR; };
		4E96CC2A1D87A739009D5D76 /* AppDelegate.swift */ = {isa = PBXFileReference; lastKnownFileType = sourcecode.swift; path = AppDelegate.swift; sourceTree = "<group>"; };
		4E96CC2C1D87A739009D5D76 /* ViewController.swift */ = {isa = PBXFileReference; lastKnownFileType = sourcecode.swift; path = ViewController.swift; sourceTree = "<group>"; };
		4E96CC2F1D87A739009D5D76 /* Base */ = {isa = PBXFileReference; lastKnownFileType = file.storyboard; name = Base; path = Base.lproj/Main.storyboard; sourceTree = "<group>"; };
		4E96CC311D87A739009D5D76 /* Assets.xcassets */ = {isa = PBXFileReference; lastKnownFileType = folder.assetcatalog; path = Assets.xcassets; sourceTree = "<group>"; };
		4E96CC341D87A739009D5D76 /* Base */ = {isa = PBXFileReference; lastKnownFileType = file.storyboard; name = Base; path = Base.lproj/LaunchScreen.storyboard; sourceTree = "<group>"; };
		4E96CC361D87A739009D5D76 /* Info.plist */ = {isa = PBXFileReference; lastKnownFileType = text.plist.xml; path = Info.plist; sourceTree = "<group>"; };
/* End PBXFileReference section */

/* Begin PBXFrameworksBuildPhase section */
		4E96CC241D87A739009D5D76 /* Frameworks */ = {
			isa = PBXFrameworksBuildPhase;
			buildActionMask = 2147483647;
			files = (
			);
			runOnlyForDeploymentPostprocessing = 0;
		};
/* End PBXFrameworksBuildPhase section */

/* Begin PBXGroup section */
		4E96CC1E1D87A739009D5D76 = {
			isa = PBXGroup;
			children = (
				4E96CC291D87A739009D5D76 /* Australia Construction Products */,
				4E96CC281D87A739009D5D76 /* Products */,
			);
			sourceTree = "<group>";
		};
		4E96CC281D87A739009D5D76 /* Products */ = {
			isa = PBXGroup;
			children = (
				4E96CC271D87A739009D5D76 /* Australia Construction Products.app */,
			);
			name = Products;
			sourceTree = "<group>";
		};
		4E96CC291D87A739009D5D76 /* Australia Construction Products */ = {
			isa = PBXGroup;
			children = (
				4E96CC2A1D87A739009D5D76 /* AppDelegate.swift */,
				4E96CC2C1D87A739009D5D76 /* ViewController.swift */,
				4E96CC2E1D87A739009D5D76 /* Main.storyboard */,
				4E96CC311D87A739009D5D76 /* Assets.xcassets */,
				4E96CC331D87A739009D5D76 /* LaunchScreen.storyboard */,
				4E96CC361D87A739009D5D76 /* Info.plist */,
			);
			path = "Australia Construction Products";
			sourceTree = "<group>";
		};
/* End PBXGroup section */

/* Begin PBXNativeTarget section */
		4E96CC261D87A739009D5D76 /* Australia Construction Products */ = {
			isa = PBXNativeTarget;
			buildConfigurationList = 4E96CC391D87A739009D5D76 /* Build configuration list for PBXNativeTarget "Australia Construction Products" */;
			buildPhases = (
				4E96CC231D87A739009D5D76 /* Sources */,
				4E96CC241D87A739009D5D76 /* Frameworks */,
				4E96CC251D87A739009D5D76 /* Resources */,
			);
			buildRules = (
			);
			dependencies = (
			);
			name = "Australia Construction Products";
			productName = "Australia Construction Products";
			productReference = 4E96CC271D87A739009D5D76 /* Australia Construction Products.app */;
			productType = "com.apple.product-type.application";
		};
/* End PBXNativeTarget section */

/* Begin PBXProject section */
		4E96CC1F1D87A739009D5D76 /* Project object */ = {
			isa = PBXProject;
			attributes = {
				LastSwiftUpdateCheck = 0730;
				LastUpgradeCheck = 0730;
				ORGANIZATIONNAME = "Davin Glick";
				TargetAttributes = {
					4E96CC261D87A739009D5D76 = {
						CreatedOnToolsVersion = 7.3.1;
					};
				};
			};
			buildConfigurationList = 4E96CC221D87A739009D5D76 /* Build configuration list for PBXProject "Australia Construction Products" */;
			compatibilityVersion = "Xcode 3.2";
			developmentRegion = English;
			hasScannedForEncodings = 0;
			knownRegions = (
				en,
				Base,
			);
			mainGroup = 4E96CC1E1D87A739009D5D76;
			productRefGroup = 4E96CC281D87A739009D5D76 /* Products */;
			projectDirPath = "";
			projectRoot = "";
			targets = (
				4E96CC261D87A739009D5D76 /* Australia Construction Products */,
			);
		};
/* End PBXProject section */

/* Begin PBXResourcesBuildPhase section */
		4E96CC251D87A739009D5D76 /* Resources */ = {
			isa = PBXResourcesBuildPhase;
			buildActionMask = 2147483647;
			files = (
				4E96CC351D87A739009D5D76 /* LaunchScreen.storyboard in Resources */,
				4E96CC321D87A739009D5D76 /* Assets.xcassets in Resources */,
				4E96CC301D87A739009D5D76 /* Main.storyboard in Resources */,
			);
			runOnlyForDeploymentPostprocessing = 0;
		};
/* End PBXResourcesBuildPhase section */

/* Begin PBXSourcesBuildPhase section */
		4E96CC231D87A739009D5D76 /* Sources */ = {
			isa = PBXSourcesBuildPhase;
			buildActionMask = 2147483647;
			files = (
				4E96CC2D1D87A739009D5D76 /* ViewController.swift in Sources */,
				4E96CC2B1D87A739009D5D76 /* AppDelegate.swift in Sources */,
			);
			runOnlyForDeploymentPostprocessing = 0;
		};
/* End PBXSourcesBuildPhase section */

/* Begin PBXVariantGroup section */
		4E96CC2E1D87A739009D5D76 /* Main.storyboard */ = {
			isa = PBXVariantGroup;
			children = (
				4E96CC2F1D87A739009D5D76 /* Base */,
			);
			name = Main.storyboard;
			sourceTree = "<group>";
		};
		4E96CC331D87A739009D5D76 /* LaunchScreen.storyboard */ = {
			isa = PBXVariantGroup;
			children = (
				4E96CC341D87A739009D5D76 /* Base */,
			);
			name = LaunchScreen.storyboard;
			sourceTree = "<group>";
		};
/* End PBXVariantGroup section */

/* Begin XCBuildConfiguration section */
		4E96CC371D87A739009D5D76 /* Debug */ = {
			isa = XCBuildConfiguration;
			buildSettings = {
				ALWAYS_SEARCH_USER_PATHS = NO;
				CLANG_ANALYZER_NONNULL = YES;
				CLANG_CXX_LANGUAGE_STANDARD = "gnu++0x";
				CLANG_CXX_LIBRARY = "libc++";
				CLANG_ENABLE_MODULES = YES;
				CLANG_ENABLE_OBJC_ARC = YES;
				CLANG_WARN_BOOL_CONVERSION = YES;
				CLANG_WARN_CONSTANT_CONVERSION = YES;
				CLANG_WARN_DIRECT_OBJC_ISA_USAGE = YES_ERROR;
				CLANG_WARN_EMPTY_BODY = YES;
				CLANG_WARN_ENUM_CONVERSION = YES;
				CLANG_WARN_INT_CONVERSION = YES;
				CLANG_WARN_OBJC_ROOT_CLASS = YES_ERROR;
				CLANG_WARN_UNREACHABLE_CODE = YES;
				CLANG_WARN__DUPLICATE_METHOD_MATCH = YES;
				"CODE_SIGN_IDENTITY[sdk=iphoneos*]" = "iPhone Developer";
				COPY_PHASE_STRIP = NO;
				DEBUG_INFORMATION_FORMAT = dwarf;
				ENABLE_STRICT_OBJC_MSGSEND = YES;
				ENABLE_TESTABILITY = YES;
				GCC_C_LANGUAGE_STANDARD = gnu99;
				GCC_DYNAMIC_NO_PIC = NO;
				GCC_NO_COMMON_BLOCKS = YES;
				GCC_OPTIMIZATION_LEVEL = 0;
				GCC_PREPROCESSOR_DEFINITIONS = (
					"DEBUG=1",
					"$(inherited)",
				);
				GCC_WARN_64_TO_32_BIT_CONVERSION = YES;
				GCC_WARN_ABOUT_RETURN_TYPE = YES_ERROR;
				GCC_WARN_UNDECLARED_SELECTOR = YES;
				GCC_WARN_UNINITIALIZED_AUTOS = YES_AGGRESSIVE;
				GCC_WARN_UNUSED_FUNCTION = YES;
				GCC_WARN_UNUSED_VARIABLE = YES;
				IPHONEOS_DEPLOYMENT_TARGET = 9.3;
				MTL_ENABLE_DEBUG_INFO = YES;
				ONLY_ACTIVE_ARCH = YES;
				SDKROOT = iphoneos;
				SWIFT_OPTIMIZATION_LEVEL = "-Onone";
				TARGETED_DEVICE_FAMILY = "1,2";
			};
			name = Debug;
		};
		4E96CC381D87A739009D5D76 /* Release */ = {
			isa = XCBuildConfiguration;
			buildSettings = {
				ALWAYS_SEARCH_USER_PATHS = NO;
				CLANG_ANALYZER_NONNULL = YES;
				CLANG_CXX_LANGUAGE_STANDARD = "gnu++0x";
				CLANG_CXX_LIBRARY = "libc++";
				CLANG_ENABLE_MODULES = YES;
				CLANG_ENABLE_OBJC_ARC = YES;
				CLANG_WARN_BOOL_CONVERSION = YES;
				CLANG_WARN_CONSTANT_CONVERSION = YES;
				CLANG_WARN_DIRECT_OBJC_ISA_USAGE = YES_ERROR;
				CLANG_WARN_EMPTY_BODY = YES;
				CLANG_WARN_ENUM_CONVERSION = YES;
				CLANG_WARN_INT_CONVERSION = YES;
				CLANG_WARN_OBJC_ROOT_CLASS = YES_ERROR;
				CLANG_WARN_UNREACHABLE_CODE = YES;
				CLANG_WARN__DUPLICATE_METHOD_MATCH = YES;
				"CODE_SIGN_IDENTITY[sdk=iphoneos*]" = "iPhone Developer";
				COPY_PHASE_STRIP = NO;
				DEBUG_INFORMATION_FORMAT = "dwarf-with-dsym";
				ENABLE_NS_ASSERTIONS = NO;
				ENABLE_STRICT_OBJC_MSGSEND = YES;
				GCC_C_LANGUAGE_STANDARD = gnu99;
				GCC_NO_COMMON_BLOCKS = YES;
				GCC_WARN_64_TO_32_BIT_CONVERSION = YES;
				GCC_WARN_ABOUT_RETURN_TYPE = YES_ERROR;
				GCC_WARN_UNDECLARED_SELECTOR = YES;
				GCC_WARN_UNINITIALIZED_AUTOS = YES_AGGRESSIVE;
				GCC_WARN_UNUSED_FUNCTION = YES;
				GCC_WARN_UNUSED_VARIABLE = YES;
				IPHONEOS_DEPLOYMENT_TARGET = 9.3;
				MTL_ENABLE_DEBUG_INFO = NO;
				SDKROOT = iphoneos;
				TARGETED_DEVICE_FAMILY = "1,2";
				VALIDATE_PRODUCT = YES;
			};
			name = Release;
		};
		4E96CC3A1D87A739009D5D76 /* Debug */ = {
			isa = XCBuildConfiguration;
			buildSettings = {
				ASSETCATALOG_COMPILER_APPICON_NAME = AppIcon;
				INFOPLIST_FILE = "Australia Construction Products/Info.plist";
				LD_RUNPATH_SEARCH_PATHS = "$(inherited) @executable_path/Frameworks";
				PRODUCT_BUNDLE_IDENTIFIER = "Hello.Australia-Construction-Products";
				PRODUCT_NAME = "$(TARGET_NAME)";
			};
			name = Debug;
		};
		4E96CC3B1D87A739009D5D76 /* Release */ = {
			isa = XCBuildConfiguration;
			buildSettings = {
				ASSETCATALOG_COMPILER_APPICON_NAME = AppIcon;
				INFOPLIST_FILE = "Australia Construction Products/Info.plist";
				LD_RUNPATH_SEARCH_PATHS = "$(inherited) @executable_path/Frameworks";
				PRODUCT_BUNDLE_IDENTIFIER = "Hello.Australia-Construction-Products";
				PRODUCT_NAME = "$(TARGET_NAME)";
			};
			name = Release;
		};
/* End XCBuildConfiguration section */

/* Begin XCConfigurationList section */
		4E96CC221D87A739009D5D76 /* Build configuration list for PBXProject "Australia Construction Products" */ = {
			isa = XCConfigurationList;
			buildConfigurations = (
				4E96CC371D87A739009D5D76 /* Debug */,
				4E96CC381D87A739009D5D76 /* Release */,
			);
			defaultConfigurationIsVisible = 0;
			defaultConfigurationName = Release;
		};
		4E96CC391D87A739009D5D76 /* Build configuration list for PBXNativeTarget "Australia Construction Products" */ = {
			isa = XCConfigurationList;
			buildConfigurations = (
				4E96CC3A1D87A739009D5D76 /* Debug */,
				4E96CC3B1D87A739009D5D76 /* Release */,
			);
			defaultConfigurationIsVisible = 0;
		};
/* End XCConfigurationList section */
	};
	rootObject = 4E96CC1F1D87A739009D5D76 /* Project object */;
}
